
Microsoft Visual Studio Solution File, Format Version 12.00
# Visual Studio Version 16
VisualStudioVersion = 16.0.33130.400
MinimumVisualStudioVersion = 10.0.40219.1
Project("{FAE04EC0-301F-11D3-BF4B-00C04F79EFBC}") = "CheckParenthesis", "CheckParenthesis.csproj", "{4DED3910-6587-4E54-9A83-3B334671AB1C}"
EndProject
Global
	GlobalSection(SolutionConfigurationPlatforms) = preSolution
		Debug|Any CPU = Debug|Any CPU
		Release|Any CPU = Release|Any CPU
	EndGlobalSection
	GlobalSection(ProjectConfigurationPlatforms) = postSolution
		{4DED3910-6587-4E54-9A83-3B334671AB1C}.Debug|Any CPU.ActiveCfg = Debug|Any CPU
		{4DED3910-6587-4E54-9A83-3B334671AB1C}.Debug|Any CPU.Build.0 = Debug|Any CPU
		{4DED3910-6587-4E54-9A83-3B334671AB1C}.Release|Any CPU.ActiveCfg = Release|Any CPU
		{4DED3910-6587-4E54-9A83-3B334671AB1C}.Release|Any CPU.Build.0 = Release|Any CPU
	EndGlobalSection
	GlobalSection(SolutionProperties) = preSolution
		HideSolutionNode = FALSE
	EndGlobalSection
	GlobalSection(ExtensibilityGlobals) = postSolution
		SolutionGuid = {6EBF60F4-4E5A-4853-ACAD-25B4A402F8F1}
	EndGlobalSection
EndGlobal
